{
    "_meta": {
        "hash": {
            "sha256": "a450efcf31c905b3ed31686c48570e2e0f4d4c586302301fec26e7679a9b79c0"
        },
        "pipfile-spec": 6,
        "requires": {
            "python_version": "3.9"
        },
        "sources": [
            {
                "name": "pypi",
                "url": "https://pypi.org/simple",
                "verify_ssl": true
            }
        ]
    },
    "default": {
        "asgiref": {
            "hashes": [
                "sha256:45a429524fba18aba9d512498b19d220c4d628e75b40cf5c627524dbaebc5cc1",
                "sha256:fddeea3c53fa99d0cdb613c3941cc6e52d822491fc2753fba25768fb5bf4e865"
            ],
            "markers": "python_version >= '3.7'",
            "version": "==3.5.1"
        },
        "boto3": {
            "hashes": [
                "sha256:441b619067cb205bfcd0e66fe085c16989ab65bd348823013e11bef991c00a5c",
                "sha256:65e45029d234ff94ba8aa3bacb9df00fbbb2f1d9ee7fd1c2e40f4815d12ec3f5"
            ],
            "index": "pypi",
            "version": "==1.22.9"
        },
        "botocore": {
            "hashes": [
                "sha256:71962de55b053a0124a0514155f4cdcf0bce81795ffc2bd6e000c1594e99125a",
                "sha256:a1d26b95aaa5b2e126df74b223d774fae7e6597bb55c363782178f5b87f0cad3"
            ],
            "markers": "python_version >= '3.6'",
            "version": "==1.25.9"
        },
        "django": {
            "hashes": [
                "sha256:07c8638e7a7f548dc0acaaa7825d84b7bd42b10e8d22268b3d572946f1e9b687",
                "sha256:4e8177858524417563cc0430f29ea249946d831eacb0068a1455686587df40b5"
            ],
            "index": "pypi",
            "version": "==4.0.4"
        },
        "django-cors-headers": {
            "hashes": [
                "sha256:a22be2befd4069c4fc174f11cf067351df5c061a3a5f94a01650b4e928b0372b",
                "sha256:eb98389bf7a2afc5d374806af4a9149697e3a6955b5a2dc2bf049f7d33647456"
            ],
            "index": "pypi",
            "version": "==3.11.0"
        },
        "django-rest-passwordreset": {
            "hashes": [
                "sha256:6be5d34b334cae4e381336fa32987e48276eec976aa454bb0ef428438eba3d44",
                "sha256:9762f337983b33f66b9ec95d4f19b3da8daba2b7d22ac005ba114ddda98aae38"
            ],
            "index": "pypi",
            "version": "==1.2.1"
        },
        "django-storages": {
            "hashes": [
                "sha256:204a99f218b747c46edbfeeb1310d357f83f90fa6a6024d8d0a3f422570cee84",
                "sha256:a475edb2f0f04c4f7e548919a751ecd50117270833956ed5bd585c0575d2a5e7"
            ],
            "index": "pypi",
            "version": "==1.12.3"
        },
        "djangorestframework": {
            "hashes": [
                "sha256:0c33407ce23acc68eca2a6e46424b008c9c02eceb8cf18581921d0092bc1f2ee",
                "sha256:24c4bf58ed7e85d1fe4ba250ab2da926d263cd57d64b03e8dcef0ac683f8b1aa"
            ],
            "index": "pypi",
            "version": "==3.13.1"
        },
        "jmespath": {
            "hashes": [
                "sha256:a490e280edd1f57d6de88636992d05b71e97d69a26a19f058ecf7d304474bf5e",
                "sha256:e8dcd576ed616f14ec02eed0005c85973b5890083313860136657e24784e4c04"
            ],
            "markers": "python_version >= '3.7'",
            "version": "==1.0.0"
        },
        "pillow": {
            "hashes": [
                "sha256:01ce45deec9df310cbbee11104bae1a2a43308dd9c317f99235b6d3080ddd66e",
                "sha256:0c51cb9edac8a5abd069fd0758ac0a8bfe52c261ee0e330f363548aca6893595",
                "sha256:17869489de2fce6c36690a0c721bd3db176194af5f39249c1ac56d0bb0fcc512",
                "sha256:21dee8466b42912335151d24c1665fcf44dc2ee47e021d233a40c3ca5adae59c",
                "sha256:25023a6209a4d7c42154073144608c9a71d3512b648a2f5d4465182cb93d3477",
                "sha256:255c9d69754a4c90b0ee484967fc8818c7ff8311c6dddcc43a4340e10cd1636a",
                "sha256:35be4a9f65441d9982240e6966c1eaa1c654c4e5e931eaf580130409e31804d4",
                "sha256:3f42364485bfdab19c1373b5cd62f7c5ab7cc052e19644862ec8f15bb8af289e",
                "sha256:3fddcdb619ba04491e8f771636583a7cc5a5051cd193ff1aa1ee8616d2a692c5",
                "sha256:463acf531f5d0925ca55904fa668bb3461c3ef6bc779e1d6d8a488092bdee378",
                "sha256:4fe29a070de394e449fd88ebe1624d1e2d7ddeed4c12e0b31624561b58948d9a",
                "sha256:55dd1cf09a1fd7c7b78425967aacae9b0d70125f7d3ab973fadc7b5abc3de652",
                "sha256:5a3ecc026ea0e14d0ad7cd990ea7f48bfcb3eb4271034657dc9d06933c6629a7",
                "sha256:5cfca31ab4c13552a0f354c87fbd7f162a4fafd25e6b521bba93a57fe6a3700a",
                "sha256:66822d01e82506a19407d1afc104c3fcea3b81d5eb11485e593ad6b8492f995a",
                "sha256:69e5ddc609230d4408277af135c5b5c8fe7a54b2bdb8ad7c5100b86b3aab04c6",
                "sha256:6b6d4050b208c8ff886fd3db6690bf04f9a48749d78b41b7a5bf24c236ab0165",
                "sha256:7a053bd4d65a3294b153bdd7724dce864a1d548416a5ef61f6d03bf149205160",
                "sha256:82283af99c1c3a5ba1da44c67296d5aad19f11c535b551a5ae55328a317ce331",
                "sha256:8782189c796eff29dbb37dd87afa4ad4d40fc90b2742704f94812851b725964b",
                "sha256:8d79c6f468215d1a8415aa53d9868a6b40c4682165b8cb62a221b1baa47db458",
                "sha256:97bda660702a856c2c9e12ec26fc6d187631ddfd896ff685814ab21ef0597033",
                "sha256:a325ac71914c5c043fa50441b36606e64a10cd262de12f7a179620f579752ff8",
                "sha256:a336a4f74baf67e26f3acc4d61c913e378e931817cd1e2ef4dfb79d3e051b481",
                "sha256:a598d8830f6ef5501002ae85c7dbfcd9c27cc4efc02a1989369303ba85573e58",
                "sha256:a5eaf3b42df2bcda61c53a742ee2c6e63f777d0e085bbc6b2ab7ed57deb13db7",
                "sha256:aea7ce61328e15943d7b9eaca87e81f7c62ff90f669116f857262e9da4057ba3",
                "sha256:af79d3fde1fc2e33561166d62e3b63f0cc3e47b5a3a2e5fea40d4917754734ea",
                "sha256:c24f718f9dd73bb2b31a6201e6db5ea4a61fdd1d1c200f43ee585fc6dcd21b34",
                "sha256:c5b0ff59785d93b3437c3703e3c64c178aabada51dea2a7f2c5eccf1bcf565a3",
                "sha256:c7110ec1701b0bf8df569a7592a196c9d07c764a0a74f65471ea56816f10e2c8",
                "sha256:c870193cce4b76713a2b29be5d8327c8ccbe0d4a49bc22968aa1e680930f5581",
                "sha256:c9efef876c21788366ea1f50ecb39d5d6f65febe25ad1d4c0b8dff98843ac244",
                "sha256:de344bcf6e2463bb25179d74d6e7989e375f906bcec8cb86edb8b12acbc7dfef",
                "sha256:eb1b89b11256b5b6cad5e7593f9061ac4624f7651f7a8eb4dfa37caa1dfaa4d0",
                "sha256:ed742214068efa95e9844c2d9129e209ed63f61baa4d54dbf4cf8b5e2d30ccf2",
                "sha256:f401ed2bbb155e1ade150ccc63db1a4f6c1909d3d378f7d1235a44e90d75fb97",
                "sha256:fb89397013cf302f282f0fc998bb7abf11d49dcff72c8ecb320f76ea6e2c5717"
            ],
            "index": "pypi",
            "version": "==9.1.0"
        },
        "psycopg2": {
            "hashes": [
                "sha256:06f32425949bd5fe8f625c49f17ebb9784e1e4fe928b7cce72edc36fb68e4c0c",
                "sha256:0762c27d018edbcb2d34d51596e4346c983bd27c330218c56c4dc25ef7e819bf",
                "sha256:083707a696e5e1c330af2508d8fab36f9700b26621ccbcb538abe22e15485362",
                "sha256:34b33e0162cfcaad151f249c2649fd1030010c16f4bbc40a604c1cb77173dcf7",
                "sha256:4295093a6ae3434d33ec6baab4ca5512a5082cc43c0505293087b8a46d108461",
                "sha256:8cf3878353cc04b053822896bc4922b194792df9df2f1ad8da01fb3043602126",
                "sha256:8e841d1bf3434da985cc5ef13e6f75c8981ced601fd70cc6bf33351b91562981",
                "sha256:9572e08b50aed176ef6d66f15a21d823bb6f6d23152d35e8451d7d2d18fdac56",
                "sha256:a81e3866f99382dfe8c15a151f1ca5fde5815fde879348fe5a9884a7c092a305",
                "sha256:cb10d44e6694d763fa1078a26f7f6137d69f555a78ec85dc2ef716c37447e4b2",
                "sha256:d3ca6421b942f60c008f81a3541e8faf6865a28d5a9b48544b0ee4f40cac7fca"
            ],
            "index": "pypi",
            "version": "==2.9.3"
        },
        "python-dateutil": {
            "hashes": [
                "sha256:0123cacc1627ae19ddf3c27a5de5bd67ee4586fbdd6440d9748f8abb483d3e86",
                "sha256:961d03dc3453ebbc59dbdea9e4e11c5651520a876d0f4db161e8674aae935da9"
            ],
            "markers": "python_version >= '2.7' and python_version not in '3.0, 3.1, 3.2, 3.3'",
            "version": "==2.8.2"
        },
        "pytz": {
            "hashes": [
                "sha256:1e760e2fe6a8163bc0b3d9a19c4f84342afa0a2affebfaa84b01b978a02ecaa7",
                "sha256:e68985985296d9a66a881eb3193b0906246245294a881e7c8afe623866ac6a5c"
            ],
            "version": "==2022.1"
        },
        "s3transfer": {
            "hashes": [
                "sha256:7a6f4c4d1fdb9a2b640244008e142cbc2cd3ae34b386584ef044dd0f27101971",
                "sha256:95c58c194ce657a5f4fb0b9e60a84968c808888aed628cd98ab8771fe1db98ed"
            ],
            "markers": "python_version >= '3.6'",
            "version": "==0.5.2"
        },
        "six": {
            "hashes": [
                "sha256:1e61c37477a1626458e36f7b1d82aa5c9b094fa4802892072e49de9c60c4c926",
                "sha256:8abb2f1d86890a2dfb989f9a77cfcfd3e47c2a354b01111771326f8aa26e0254"
            ],
            "markers": "python_version >= '2.7' and python_version not in '3.0, 3.1, 3.2, 3.3'",
            "version": "==1.16.0"
        },
        "sqlparse": {
            "hashes": [
                "sha256:0c00730c74263a94e5a9919ade150dfc3b19c574389985446148402998287dae",
                "sha256:48719e356bb8b42991bdbb1e8b83223757b93789c00910a616a071910ca4a64d"
            ],
            "markers": "python_version >= '3.5'",
            "version": "==0.4.2"
        },
        "tzdata": {
            "hashes": [
                "sha256:238e70234214138ed7b4e8a0fab0e5e13872edab3be586ab8198c407620e2ab9",
                "sha256:8b536a8ec63dc0751342b3984193a3118f8fca2afe25752bb9b7fffd398552d3"
            ],
            "markers": "sys_platform == 'win32'",
            "version": "==2022.1"
        },
        "urllib3": {
            "hashes": [
                "sha256:44ece4d53fb1706f667c9bd1c648f5469a2ec925fcf3a776667042d645472c14",
                "sha256:aabaf16477806a5e1dd19aa41f8c2b7950dd3c746362d7e3223dbe6de6ac448e"
            ],
            "markers": "python_version >= '2.7' and python_version not in '3.0, 3.1, 3.2, 3.3, 3.4' and python_version < '4'",
            "version": "==1.26.9"
        }
    },
    "develop": {}
}
